{
  "name": "application",
  "lockfileVersion": 2,
  "requires": true,
  "packages": {
    "": {
      "dependencies": {
        "chromelogger": "^1.1.1"
      }
    },
    "node_modules/chromelogger": {
      "version": "1.1.1",
      "resolved": "https://registry.npmjs.org/chromelogger/-/chromelogger-1.1.1.tgz",
      "integrity": "sha1-g2chUD3eRi2CCbCeGIhfy4CvurY=",
      "dependencies": {
        "json-stringify-safe": "5.0.x"
      },
      "engines": {
        "node": ">=0.4.0"
      }
    },
    "node_modules/json-stringify-safe": {
      "version": "5.0.1",
      "resolved": "https://registry.npmjs.org/json-stringify-safe/-/json-stringify-safe-5.0.1.tgz",
      "integrity": "sha1-Epai1Y/UXxmg9s4B1lcB4sc1tus="
    }
  },
  "dependencies": {
    "chromelogger": {
      "version": "1.1.1",
      "resolved": "https://registry.npmjs.org/chromelogger/-/chromelogger-1.1.1.tgz",
      "integrity": "sha1-g2chUD3eRi2CCbCeGIhfy4CvurY=",
      "requires": {
        "json-stringify-safe": "5.0.x"
      }
    },
    "json-stringify-safe": {
      "version": "5.0.1",
      "resolved": "https://registry.npmjs.org/json-stringify-safe/-/json-stringify-safe-5.0.1.tgz",
      "integrity": "sha1-Epai1Y/UXxmg9s4B1lcB4sc1tus="
    }
  }
}
